# This file was autogenerated by Stack.
# You should not edit this file by hand.
# For more information, please see the documentation at:
#   https://docs.haskellstack.org/en/stable/lock_files

packages:
- completed:
    name: time
    version: 1.11.1.2
    git: https://github.com/haskell/time.git
    pantry-tree:
      size: 7909
      sha256: 7751f2d65645cfc9fff3858e143dc39698ac273c816a80f5e1f36d0b679aec93
    commit: 0f8d9fca0df5bec555660a426a8230d28208941d
  original:
    git: https://github.com/haskell/time.git
    commit: 0f8d9fca0df5bec555660a426a8230d28208941d
- completed:
    hackage: directory-1.3.6.1@sha256:8878947a9f521c0f2ed02cea7c4b3d90a1c16154e559858f8c2bb81b14ae7c92,2940
    pantry-tree:
      size: 3433
      sha256: 7602bce4e5a3ed7bee77be1aeba4cdabf02d1575c6e515d383c851cd8fb7caa2
  original:
    hackage: directory-1.3.6.1@sha256:8878947a9f521c0f2ed02cea7c4b3d90a1c16154e559858f8c2bb81b14ae7c92,2940
- completed:
    hackage: unix-2.7.2.2@sha256:ddb8fc5d5eede81dfad7846eceb65267fe4cf8b4f324bc74542f694a32335ef2,3496
    pantry-tree:
      size: 3536
      sha256: c40c15db09b6af866110699f7aa517e98dbcbc7dc339c1443fbcfbf5c4c4b28e
  original:
    hackage: unix-2.7.2.2@sha256:ddb8fc5d5eede81dfad7846eceb65267fe4cf8b4f324bc74542f694a32335ef2,3496
snapshots:
- completed:
    size: 567241
    url: https://raw.githubusercontent.com/commercialhaskell/stackage-snapshots/master/lts/17/10.yaml
    sha256: 321b3b9f0c7f76994b39e0dabafdc76478274b4ff74cc5e43d410897a335ad3b
  original:
    url: https://raw.githubusercontent.com/commercialhaskell/stackage-snapshots/master/lts/17/10.yaml
